
Microsoft Visual Studio Solution File, Format Version 12.00
# Visual Studio Version 17
VisualStudioVersion = 17.4.33103.184
MinimumVisualStudioVersion = 10.0.40219.1
Project("{FAE04EC0-301F-11D3-BF4B-00C04F79EFBC}") = "webapi.inlock.tarde", "webapi.inlock.tarde.csproj", "{2C218C8D-D7D3-436B-8CBA-48513EDBE074}"
EndProject
Global
	GlobalSection(SolutionConfigurationPlatforms) = preSolution
		Debug|Any CPU = Debug|Any CPU
		Release|Any CPU = Release|Any CPU
	EndGlobalSection
	GlobalSection(ProjectConfigurationPlatforms) = postSolution
		{2C218C8D-D7D3-436B-8CBA-48513EDBE074}.Debug|Any CPU.ActiveCfg = Debug|Any CPU
		{2C218C8D-D7D3-436B-8CBA-48513EDBE074}.Debug|Any CPU.Build.0 = Debug|Any CPU
		{2C218C8D-D7D3-436B-8CBA-48513EDBE074}.Release|Any CPU.ActiveCfg = Release|Any CPU
		{2C218C8D-D7D3-436B-8CBA-48513EDBE074}.Release|Any CPU.Build.0 = Release|Any CPU
	EndGlobalSection
	GlobalSection(SolutionProperties) = preSolution
		HideSolutionNode = FALSE
	EndGlobalSection
	GlobalSection(ExtensibilityGlobals) = postSolution
		SolutionGuid = {1CDF1D04-4A43-43E4-A7B2-A5B22014B14D}
	EndGlobalSection
EndGlobal
